
Microsoft Visual Studio Solution File, Format Version 12.00
# Visual Studio Version 17
VisualStudioVersion = 17.0.32112.339
MinimumVisualStudioVersion = 10.0.40219.1
Project("{FAE04EC0-301F-11D3-BF4B-00C04F79EFBC}") = "Task_at_a_distance", "Task_at_a_distance\Task_at_a_distance.csproj", "{D529A6FB-8287-43CE-863D-F511B3A7C1BF}"
EndProject
Global
	GlobalSection(SolutionConfigurationPlatforms) = preSolution
		Debug|Any CPU = Debug|Any CPU
		Release|Any CPU = Release|Any CPU
	EndGlobalSection
	GlobalSection(ProjectConfigurationPlatforms) = postSolution
		{D529A6FB-8287-43CE-863D-F511B3A7C1BF}.Debug|Any CPU.ActiveCfg = Debug|Any CPU
		{D529A6FB-8287-43CE-863D-F511B3A7C1BF}.Debug|Any CPU.Build.0 = Debug|Any CPU
		{D529A6FB-8287-43CE-863D-F511B3A7C1BF}.Release|Any CPU.ActiveCfg = Release|Any CPU
		{D529A6FB-8287-43CE-863D-F511B3A7C1BF}.Release|Any CPU.Build.0 = Release|Any CPU
	EndGlobalSection
	GlobalSection(SolutionProperties) = preSolution
		HideSolutionNode = FALSE
	EndGlobalSection
	GlobalSection(ExtensibilityGlobals) = postSolution
		SolutionGuid = {7DF5FD83-1D93-4DB7-A4DB-3D800B442E16}
	EndGlobalSection
EndGlobal
